[[package]]
name = "tock-register-example"
version = "0.1.0"
dependencies = [
 "tock-regs 0.1.0 (git+https://github.com/tock/tock.git?branch=seperate-registers)",
]

[[package]]
name = "tock-regs"
version = "0.1.0"
source = "git+https://github.com/tock/tock.git?branch=seperate-registers#533ebc65bc4a6fb3a2a496be1b8fd0bf69b57488"

[metadata]
"checksum tock-regs 0.1.0 (git+https://github.com/tock/tock.git?branch=seperate-registers)" = "<none>"
